
Microsoft Visual Studio Solution File, Format Version 12.00
# Visual Studio 2012
Project("{FAE04EC0-301F-11D3-BF4B-00C04F79EFBC}") = "metric-generator", "metric-generator\metric-generator.csproj", "{94FE43F6-48B3-4ED5-95FA-9835561CE692}"
EndProject
Project("{2150E333-8FDC-42A3-9474-1A3956D46DE8}") = "Solution Items", "Solution Items", "{9FACA840-4D72-41F6-9F68-832DF2881FE7}"
	ProjectSection(SolutionItems) = preProject
		SqlFillClass.cs = SqlFillClass.cs
	EndProjectSection
EndProject
Global
	GlobalSection(SolutionConfigurationPlatforms) = preSolution
		Debug|Any CPU = Debug|Any CPU
		Release|Any CPU = Release|Any CPU
	EndGlobalSection
	GlobalSection(ProjectConfigurationPlatforms) = postSolution
		{94FE43F6-48B3-4ED5-95FA-9835561CE692}.Debug|Any CPU.ActiveCfg = Debug|Any CPU
		{94FE43F6-48B3-4ED5-95FA-9835561CE692}.Debug|Any CPU.Build.0 = Debug|Any CPU
		{94FE43F6-48B3-4ED5-95FA-9835561CE692}.Release|Any CPU.ActiveCfg = Release|Any CPU
		{94FE43F6-48B3-4ED5-95FA-9835561CE692}.Release|Any CPU.Build.0 = Release|Any CPU
	EndGlobalSection
	GlobalSection(SolutionProperties) = preSolution
		HideSolutionNode = FALSE
	EndGlobalSection
	GlobalSection(Performance) = preSolution
		HasPerformanceSessions = true
	EndGlobalSection
EndGlobal
